{
  "originHash" : "9b7b05ae70215ea4895bf0778a81a78a7b2c804ceb077b80ef830e27b4ff3997",
  "pins" : [
    {
      "identity" : "richflyer-sdk-swift",
      "kind" : "remoteSourceControl",
      "location" : "https://github.com/INFOCITY/richflyer-sdk-swift",
      "state" : {
        "revision" : "8a851c06512fdfb02244fd36363df540da12c48a",
        "version" : "3.7.9"
      }
    }
  ],
  "version" : 3
}
