{
  "originHash" : "9b7b05ae70215ea4895bf0778a81a78a7b2c804ceb077b80ef830e27b4ff3997",
  "pins" : [
    {
      "identity" : "richflyer-sdk-swift",
      "kind" : "remoteSourceControl",
      "location" : "https://github.com/INFOCITY/richflyer-sdk-swift",
      "state" : {
        "revision" : "5734b1192af111f24515965e6868b300cbef4653",
        "version" : "3.7.8"
      }
    }
  ],
  "version" : 3
}
