PODS:
  - SwiftRichFlyer (3.4.2)

DEPENDENCIES:
  - SwiftRichFlyer (= 3.4.2)

SPEC REPOS:
  https://github.com/INFOCITY/richflyer-specs.git:
    - SwiftRichFlyer

SPEC CHECKSUMS:
  SwiftRichFlyer: a7acaffe83fba3959a75d38f0bcfe7629218ba31

PODFILE CHECKSUM: 83b179c8f36840da9aa46ff063caa0da3c680afb

COCOAPODS: 1.10.1
