PODS:
  - SwiftRichFlyer (3.3.7)

DEPENDENCIES:
  - SwiftRichFlyer (= 3.3.7)

SPEC REPOS:
  https://github.com/INFOCITY/richflyer-specs.git:
    - SwiftRichFlyer

SPEC CHECKSUMS:
  SwiftRichFlyer: eb1a2fdb65baf6d00c66cee9b98e220b5b2914ec

PODFILE CHECKSUM: 82ffe6e135188dcbed74c352e2fc8370adc14aeb

COCOAPODS: 1.10.1
